
Microsoft Visual Studio Solution File, Format Version 12.00
# Visual Studio Version 17
VisualStudioVersion = 17.14.36301.6 d17.14
MinimumVisualStudioVersion = 10.0.40219.1
Project("{FAE04EC0-301F-11D3-BF4B-00C04F79EFBC}") = "LPR-Intercon.Server", "LPR-Intercon.Server\LPR-Intercon.Server.csproj", "{149F28E5-A63E-4811-82EC-581F89110DFD}"
EndProject
Project("{FAE04EC0-301F-11D3-BF4B-00C04F79EFBC}") = "LPR-Intercon.Client", "LPR-Intercon.Client\LPR-Intercon.Client.csproj", "{F37315AA-A13B-48A0-8DBA-BCEDC4EDEE83}"
EndProject
Project("{D954291E-2A0B-460D-934E-DC6B0785DB48}") = "LPR-Intercon.Shared", "LPR-Intercon.Shared\LPR-Intercon.Shared.shproj", "{D878790C-B3D8-421D-A434-50EE9B23EF63}"
EndProject
Global
	GlobalSection(SolutionConfigurationPlatforms) = preSolution
		Debug|Any CPU = Debug|Any CPU
		Release|Any CPU = Release|Any CPU
	EndGlobalSection
	GlobalSection(ProjectConfigurationPlatforms) = postSolution
		{149F28E5-A63E-4811-82EC-581F89110DFD}.Debug|Any CPU.ActiveCfg = Debug|Any CPU
		{149F28E5-A63E-4811-82EC-581F89110DFD}.Debug|Any CPU.Build.0 = Debug|Any CPU
		{149F28E5-A63E-4811-82EC-581F89110DFD}.Release|Any CPU.ActiveCfg = Release|Any CPU
		{149F28E5-A63E-4811-82EC-581F89110DFD}.Release|Any CPU.Build.0 = Release|Any CPU
		{F37315AA-A13B-48A0-8DBA-BCEDC4EDEE83}.Debug|Any CPU.ActiveCfg = Debug|Any CPU
		{F37315AA-A13B-48A0-8DBA-BCEDC4EDEE83}.Debug|Any CPU.Build.0 = Debug|Any CPU
		{F37315AA-A13B-48A0-8DBA-BCEDC4EDEE83}.Release|Any CPU.ActiveCfg = Release|Any CPU
		{F37315AA-A13B-48A0-8DBA-BCEDC4EDEE83}.Release|Any CPU.Build.0 = Release|Any CPU
	EndGlobalSection
	GlobalSection(SolutionProperties) = preSolution
		HideSolutionNode = FALSE
	EndGlobalSection
	GlobalSection(ExtensibilityGlobals) = postSolution
		SolutionGuid = {A13D1893-9AD3-451B-A66D-A8A409129CB9}
	EndGlobalSection
	GlobalSection(SharedMSBuildProjectFiles) = preSolution
		LPR-Intercon.Shared\LPR-Intercon.Shared.projitems*{149f28e5-a63e-4811-82ec-581f89110dfd}*SharedItemsImports = 5
		LPR-Intercon.Shared\LPR-Intercon.Shared.projitems*{d878790c-b3d8-421d-a434-50ee9b23ef63}*SharedItemsImports = 13
		LPR-Intercon.Shared\LPR-Intercon.Shared.projitems*{f37315aa-a13b-48a0-8dba-bcedc4edee83}*SharedItemsImports = 5
	EndGlobalSection
EndGlobal
